// !$*UTF8*$!
{
	archiveVersion = 1;
	classes = {
	};
	objectVersion = 56;
	objects = {

/* Begin PBXBuildFile section */
		B101ACF52C8995FB003A5477 /* ListRowItemView.swift in Sources */ = {isa = PBXBuildFile; fileRef = B101ACF42C8995FB003A5477 /* ListRowItemView.swift */; };
		B101ACF72C899E44003A5477 /* CheckBoxStyle.swift in Sources */ = {isa = PBXBuildFile; fileRef = B101ACF62C899E44003A5477 /* CheckBoxStyle.swift */; };
		B1402C592C8709B500317EA7 /* Formatter.swift in Sources */ = {isa = PBXBuildFile; fileRef = B1402C582C8709B500317EA7 /* Formatter.swift */; };
		B1402C5B2C87446F00317EA7 /* BackgroundImageView.swift in Sources */ = {isa = PBXBuildFile; fileRef = B1402C5A2C87446F00317EA7 /* BackgroundImageView.swift */; };
		B14DF7102C53FB4D0038BA2A /* KeyBoardExtention.swift in Sources */ = {isa = PBXBuildFile; fileRef = B14DF70F2C53FB4D0038BA2A /* KeyBoardExtention.swift */; };
		B15990AD2C495CC60009608F /* DevoteApp.swift in Sources */ = {isa = PBXBuildFile; fileRef = B15990AC2C495CC60009608F /* DevoteApp.swift */; };
		B15990AF2C495CC60009608F /* ContentView.swift in Sources */ = {isa = PBXBuildFile; fileRef = B15990AE2C495CC60009608F /* ContentView.swift */; };
		B15990B12C495CC80009608F /* Assets.xcassets in Resources */ = {isa = PBXBuildFile; fileRef = B15990B02C495CC80009608F /* Assets.xcassets */; };
		B15990B42C495CC80009608F /* Preview Assets.xcassets in Resources */ = {isa = PBXBuildFile; fileRef = B15990B32C495CC80009608F /* Preview Assets.xcassets */; };
		B15990B62C495CC80009608F /* Persistence.swift in Sources */ = {isa = PBXBuildFile; fileRef = B15990B52C495CC80009608F /* Persistence.swift */; };
		B15990B92C495CC80009608F /* Devote.xcdatamodeld in Sources */ = {isa = PBXBuildFile; fileRef = B15990B72C495CC80009608F /* Devote.xcdatamodeld */; };
		B15990C02C495D490009608F /* Sound in Resources */ = {isa = PBXBuildFile; fileRef = B15990BF2C495D490009608F /* Sound */; };
		B193428F2C8C3732008AD456 /* WidgetKit.framework in Frameworks */ = {isa = PBXBuildFile; fileRef = B193428E2C8C3732008AD456 /* WidgetKit.framework */; };
		B19342912C8C3732008AD456 /* SwiftUI.framework in Frameworks */ = {isa = PBXBuildFile; fileRef = B19342902C8C3732008AD456 /* SwiftUI.framework */; };
		B19342942C8C3732008AD456 /* DevoteWidgetBundle.swift in Sources */ = {isa = PBXBuildFile; fileRef = B19342932C8C3732008AD456 /* DevoteWidgetBundle.swift */; };
		B19342962C8C3732008AD456 /* DevoteWidget.swift in Sources */ = {isa = PBXBuildFile; fileRef = B19342952C8C3732008AD456 /* DevoteWidget.swift */; };
		B19342982C8C3733008AD456 /* Assets.xcassets in Resources */ = {isa = PBXBuildFile; fileRef = B19342972C8C3733008AD456 /* Assets.xcassets */; };
		B193429C2C8C3733008AD456 /* DevoteWidgetExtension.appex in Embed Foundation Extensions */ = {isa = PBXBuildFile; fileRef = B193428C2C8C3732008AD456 /* DevoteWidgetExtension.appex */; settings = {ATTRIBUTES = (RemoveHeadersOnCopy, ); }; };
		B19342A12C8C3D71008AD456 /* Assets.xcassets in Resources */ = {isa = PBXBuildFile; fileRef = B15990B02C495CC80009608F /* Assets.xcassets */; };
		B19342A22C8C3E84008AD456 /* Formatter.swift in Sources */ = {isa = PBXBuildFile; fileRef = B1402C582C8709B500317EA7 /* Formatter.swift */; };
		B1C4D3D62C879061000F498F /* NewTaskItemView.swift in Sources */ = {isa = PBXBuildFile; fileRef = B1C4D3D52C879061000F498F /* NewTaskItemView.swift */; };
		B1C4D3D82C879D74000F498F /* BlanckView.swift in Sources */ = {isa = PBXBuildFile; fileRef = B1C4D3D72C879D74000F498F /* BlanckView.swift */; };
		B1F09CC22C8B965C006FF802 /* SoundPlayer.swift in Sources */ = {isa = PBXBuildFile; fileRef = B1F09CC12C8B965C006FF802 /* SoundPlayer.swift */; };
/* End PBXBuildFile section */

/* Begin PBXContainerItemProxy section */
		B193429A2C8C3733008AD456 /* PBXContainerItemProxy */ = {
			isa = PBXContainerItemProxy;
			containerPortal = B15990A12C495CC60009608F /* Project object */;
			proxyType = 1;
			remoteGlobalIDString = B193428B2C8C3732008AD456;
			remoteInfo = DevoteWidgetExtension;
		};
/* End PBXContainerItemProxy section */

/* Begin PBXCopyFilesBuildPhase section */
		B193429D2C8C3733008AD456 /* Embed Foundation Extensions */ = {
			isa = PBXCopyFilesBuildPhase;
			buildActionMask = 2147483647;
			dstPath = "";
			dstSubfolderSpec = 13;
			files = (
				B193429C2C8C3733008AD456 /* DevoteWidgetExtension.appex in Embed Foundation Extensions */,
			);
			name = "Embed Foundation Extensions";
			runOnlyForDeploymentPostprocessing = 0;
		};
/* End PBXCopyFilesBuildPhase section */

/* Begin PBXFileReference section */
		B101ACF42C8995FB003A5477 /* ListRowItemView.swift */ = {isa = PBXFileReference; lastKnownFileType = sourcecode.swift; path = ListRowItemView.swift; sourceTree = "<group>"; };
		B101ACF62C899E44003A5477 /* CheckBoxStyle.swift */ = {isa = PBXFileReference; lastKnownFileType = sourcecode.swift; path = CheckBoxStyle.swift; sourceTree = "<group>"; };
		B1402C582C8709B500317EA7 /* Formatter.swift */ = {isa = PBXFileReference; lastKnownFileType = sourcecode.swift; path = Formatter.swift; sourceTree = "<group>"; };
		B1402C5A2C87446F00317EA7 /* BackgroundImageView.swift */ = {isa = PBXFileReference; lastKnownFileType = sourcecode.swift; path = BackgroundImageView.swift; sourceTree = "<group>"; };
		B14DF70F2C53FB4D0038BA2A /* KeyBoardExtention.swift */ = {isa = PBXFileReference; lastKnownFileType = sourcecode.swift; path = KeyBoardExtention.swift; sourceTree = "<group>"; };
		B15990A92C495CC60009608F /* Devote.app */ = {isa = PBXFileReference; explicitFileType = wrapper.application; includeInIndex = 0; path = Devote.app; sourceTree = BUILT_PRODUCTS_DIR; };
		B15990AC2C495CC60009608F /* DevoteApp.swift */ = {isa = PBXFileReference; lastKnownFileType = sourcecode.swift; path = DevoteApp.swift; sourceTree = "<group>"; };
		B15990AE2C495CC60009608F /* ContentView.swift */ = {isa = PBXFileReference; lastKnownFileType = sourcecode.swift; path = ContentView.swift; sourceTree = "<group>"; };
		B15990B02C495CC80009608F /* Assets.xcassets */ = {isa = PBXFileReference; lastKnownFileType = folder.assetcatalog; path = Assets.xcassets; sourceTree = "<group>"; };
		B15990B32C495CC80009608F /* Preview Assets.xcassets */ = {isa = PBXFileReference; lastKnownFileType = folder.assetcatalog; path = "Preview Assets.xcassets"; sourceTree = "<group>"; };
		B15990B52C495CC80009608F /* Persistence.swift */ = {isa = PBXFileReference; lastKnownFileType = sourcecode.swift; path = Persistence.swift; sourceTree = "<group>"; };
		B15990B82C495CC80009608F /* Devote.xcdatamodel */ = {isa = PBXFileReference; lastKnownFileType = wrapper.xcdatamodel; path = Devote.xcdatamodel; sourceTree = "<group>"; };
		B15990BF2C495D490009608F /* Sound */ = {isa = PBXFileReference; lastKnownFileType = folder; path = Sound; sourceTree = "<group>"; };
		B15990C62C495EA10009608F /* Info.plist */ = {isa = PBXFileReference; lastKnownFileType = text.plist; path = Info.plist; sourceTree = "<group>"; };
		B193428C2C8C3732008AD456 /* DevoteWidgetExtension.appex */ = {isa = PBXFileReference; explicitFileType = "wrapper.app-extension"; includeInIndex = 0; path = DevoteWidgetExtension.appex; sourceTree = BUILT_PRODUCTS_DIR; };
		B193428E2C8C3732008AD456 /* WidgetKit.framework */ = {isa = PBXFileReference; lastKnownFileType = wrapper.framework; name = WidgetKit.framework; path = System/Library/Frameworks/WidgetKit.framework; sourceTree = SDKROOT; };
		B19342902C8C3732008AD456 /* SwiftUI.framework */ = {isa = PBXFileReference; lastKnownFileType = wrapper.framework; name = SwiftUI.framework; path = System/Library/Frameworks/SwiftUI.framework; sourceTree = SDKROOT; };
		B19342932C8C3732008AD456 /* DevoteWidgetBundle.swift */ = {isa = PBXFileReference; lastKnownFileType = sourcecode.swift; path = DevoteWidgetBundle.swift; sourceTree = "<group>"; };
		B19342952C8C3732008AD456 /* DevoteWidget.swift */ = {isa = PBXFileReference; lastKnownFileType = sourcecode.swift; path = DevoteWidget.swift; sourceTree = "<group>"; };
		B19342972C8C3733008AD456 /* Assets.xcassets */ = {isa = PBXFileReference; lastKnownFileType = folder.assetcatalog; path = Assets.xcassets; sourceTree = "<group>"; };
		B19342992C8C3733008AD456 /* Info.plist */ = {isa = PBXFileReference; lastKnownFileType = text.plist.xml; path = Info.plist; sourceTree = "<group>"; };
		B1C4D3D52C879061000F498F /* NewTaskItemView.swift */ = {isa = PBXFileReference; lastKnownFileType = sourcecode.swift; path = NewTaskItemView.swift; sourceTree = "<group>"; };
		B1C4D3D72C879D74000F498F /* BlanckView.swift */ = {isa = PBXFileReference; lastKnownFileType = sourcecode.swift; path = BlanckView.swift; sourceTree = "<group>"; };
		B1F09CC12C8B965C006FF802 /* SoundPlayer.swift */ = {isa = PBXFileReference; lastKnownFileType = sourcecode.swift; path = SoundPlayer.swift; sourceTree = "<group>"; };
/* End PBXFileReference section */

/* Begin PBXFrameworksBuildPhase section */
		B15990A62C495CC60009608F /* Frameworks */ = {
			isa = PBXFrameworksBuildPhase;
			buildActionMask = 2147483647;
			files = (
			);
			runOnlyForDeploymentPostprocessing = 0;
		};
		B19342892C8C3732008AD456 /* Frameworks */ = {
			isa = PBXFrameworksBuildPhase;
			buildActionMask = 2147483647;
			files = (
				B19342912C8C3732008AD456 /* SwiftUI.framework in Frameworks */,
				B193428F2C8C3732008AD456 /* WidgetKit.framework in Frameworks */,
			);
			runOnlyForDeploymentPostprocessing = 0;
		};
/* End PBXFrameworksBuildPhase section */

/* Begin PBXGroup section */
		B15990A02C495CC60009608F = {
			isa = PBXGroup;
			children = (
				B15990AB2C495CC60009608F /* Devote */,
				B19342922C8C3732008AD456 /* DevoteWidget */,
				B193428D2C8C3732008AD456 /* Frameworks */,
				B15990AA2C495CC60009608F /* Products */,
			);
			sourceTree = "<group>";
		};
		B15990AA2C495CC60009608F /* Products */ = {
			isa = PBXGroup;
			children = (
				B15990A92C495CC60009608F /* Devote.app */,
				B193428C2C8C3732008AD456 /* DevoteWidgetExtension.appex */,
			);
			name = Products;
			sourceTree = "<group>";
		};
		B15990AB2C495CC60009608F /* Devote */ = {
			isa = PBXGroup;
			children = (
				B15990C62C495EA10009608F /* Info.plist */,
				B15990AC2C495CC60009608F /* DevoteApp.swift */,
				B15990C32C495D950009608F /* Views */,
				B15990C52C495DF70009608F /* Models */,
				B15990C12C495D760009608F /* Style */,
				B15990C22C495D830009608F /* Utilities */,
				B15990C42C495DB50009608F /* Extentions */,
				B15990BF2C495D490009608F /* Sound */,
				B15990B02C495CC80009608F /* Assets.xcassets */,
				B15990B22C495CC80009608F /* Preview Content */,
			);
			path = Devote;
			sourceTree = "<group>";
		};
		B15990B22C495CC80009608F /* Preview Content */ = {
			isa = PBXGroup;
			children = (
				B15990B32C495CC80009608F /* Preview Assets.xcassets */,
			);
			path = "Preview Content";
			sourceTree = "<group>";
		};
		B15990C12C495D760009608F /* Style */ = {
			isa = PBXGroup;
			children = (
				B101ACF62C899E44003A5477 /* CheckBoxStyle.swift */,
			);
			path = Style;
			sourceTree = "<group>";
		};
		B15990C22C495D830009608F /* Utilities */ = {
			isa = PBXGroup;
			children = (
				B1402C582C8709B500317EA7 /* Formatter.swift */,
				B1F09CC12C8B965C006FF802 /* SoundPlayer.swift */,
			);
			path = Utilities;
			sourceTree = "<group>";
		};
		B15990C32C495D950009608F /* Views */ = {
			isa = PBXGroup;
			children = (
				B15990AE2C495CC60009608F /* ContentView.swift */,
				B1402C5A2C87446F00317EA7 /* BackgroundImageView.swift */,
				B1C4D3D52C879061000F498F /* NewTaskItemView.swift */,
				B1C4D3D72C879D74000F498F /* BlanckView.swift */,
				B101ACF42C8995FB003A5477 /* ListRowItemView.swift */,
			);
			path = Views;
			sourceTree = "<group>";
		};
		B15990C42C495DB50009608F /* Extentions */ = {
			isa = PBXGroup;
			children = (
				B14DF70F2C53FB4D0038BA2A /* KeyBoardExtention.swift */,
			);
			path = Extentions;
			sourceTree = "<group>";
		};
		B15990C52C495DF70009608F /* Models */ = {
			isa = PBXGroup;
			children = (
				B15990B52C495CC80009608F /* Persistence.swift */,
				B15990B72C495CC80009608F /* Devote.xcdatamodeld */,
			);
			path = Models;
			sourceTree = "<group>";
		};
		B193428D2C8C3732008AD456 /* Frameworks */ = {
			isa = PBXGroup;
			children = (
				B193428E2C8C3732008AD456 /* WidgetKit.framework */,
				B19342902C8C3732008AD456 /* SwiftUI.framework */,
			);
			name = Frameworks;
			sourceTree = "<group>";
		};
		B19342922C8C3732008AD456 /* DevoteWidget */ = {
			isa = PBXGroup;
			children = (
				B19342932C8C3732008AD456 /* DevoteWidgetBundle.swift */,
				B19342952C8C3732008AD456 /* DevoteWidget.swift */,
				B19342972C8C3733008AD456 /* Assets.xcassets */,
				B19342992C8C3733008AD456 /* Info.plist */,
			);
			path = DevoteWidget;
			sourceTree = "<group>";
		};
/* End PBXGroup section */

/* Begin PBXNativeTarget section */
		B15990A82C495CC60009608F /* Devote */ = {
			isa = PBXNativeTarget;
			buildConfigurationList = B15990BC2C495CC80009608F /* Build configuration list for PBXNativeTarget "Devote" */;
			buildPhases = (
				B15990A52C495CC60009608F /* Sources */,
				B15990A62C495CC60009608F /* Frameworks */,
				B15990A72C495CC60009608F /* Resources */,
				B193429D2C8C3733008AD456 /* Embed Foundation Extensions */,
			);
			buildRules = (
			);
			dependencies = (
				B193429B2C8C3733008AD456 /* PBXTargetDependency */,
			);
			name = Devote;
			productName = Devote;
			productReference = B15990A92C495CC60009608F /* Devote.app */;
			productType = "com.apple.product-type.application";
		};
		B193428B2C8C3732008AD456 /* DevoteWidgetExtension */ = {
			isa = PBXNativeTarget;
			buildConfigurationList = B19342A02C8C3733008AD456 /* Build configuration list for PBXNativeTarget "DevoteWidgetExtension" */;
			buildPhases = (
				B19342882C8C3732008AD456 /* Sources */,
				B19342892C8C3732008AD456 /* Frameworks */,
				B193428A2C8C3732008AD456 /* Resources */,
			);
			buildRules = (
			);
			dependencies = (
			);
			name = DevoteWidgetExtension;
			productName = DevoteWidgetExtension;
			productReference = B193428C2C8C3732008AD456 /* DevoteWidgetExtension.appex */;
			productType = "com.apple.product-type.app-extension";
		};
/* End PBXNativeTarget section */

/* Begin PBXProject section */
		B15990A12C495CC60009608F /* Project object */ = {
			isa = PBXProject;
			attributes = {
				BuildIndependentTargetsInParallel = 1;
				LastSwiftUpdateCheck = 1540;
				LastUpgradeCheck = 1540;
				TargetAttributes = {
					B15990A82C495CC60009608F = {
						CreatedOnToolsVersion = 15.4;
					};
					B193428B2C8C3732008AD456 = {
						CreatedOnToolsVersion = 15.4;
					};
				};
			};
			buildConfigurationList = B15990A42C495CC60009608F /* Build configuration list for PBXProject "Devote" */;
			compatibilityVersion = "Xcode 14.0";
			developmentRegion = en;
			hasScannedForEncodings = 0;
			knownRegions = (
				en,
				Base,
			);
			mainGroup = B15990A02C495CC60009608F;
			productRefGroup = B15990AA2C495CC60009608F /* Products */;
			projectDirPath = "";
			projectRoot = "";
			targets = (
				B15990A82C495CC60009608F /* Devote */,
				B193428B2C8C3732008AD456 /* DevoteWidgetExtension */,
			);
		};
/* End PBXProject section */

/* Begin PBXResourcesBuildPhase section */
		B15990A72C495CC60009608F /* Resources */ = {
			isa = PBXResourcesBuildPhase;
			buildActionMask = 2147483647;
			files = (
				B15990C02C495D490009608F /* Sound in Resources */,
				B15990B42C495CC80009608F /* Preview Assets.xcassets in Resources */,
				B15990B12C495CC80009608F /* Assets.xcassets in Resources */,
			);
			runOnlyForDeploymentPostprocessing = 0;
		};
		B193428A2C8C3732008AD456 /* Resources */ = {
			isa = PBXResourcesBuildPhase;
			buildActionMask = 2147483647;
			files = (
				B19342A12C8C3D71008AD456 /* Assets.xcassets in Resources */,
				B19342982C8C3733008AD456 /* Assets.xcassets in Resources */,
			);
			runOnlyForDeploymentPostprocessing = 0;
		};
/* End PBXResourcesBuildPhase section */

/* Begin PBXSourcesBuildPhase section */
		B15990A52C495CC60009608F /* Sources */ = {
			isa = PBXSourcesBuildPhase;
			buildActionMask = 2147483647;
			files = (
				B15990B62C495CC80009608F /* Persistence.swift in Sources */,
				B1C4D3D82C879D74000F498F /* BlanckView.swift in Sources */,
				B15990AF2C495CC60009608F /* ContentView.swift in Sources */,
				B1402C592C8709B500317EA7 /* Formatter.swift in Sources */,
				B15990B92C495CC80009608F /* Devote.xcdatamodeld in Sources */,
				B14DF7102C53FB4D0038BA2A /* KeyBoardExtention.swift in Sources */,
				B101ACF52C8995FB003A5477 /* ListRowItemView.swift in Sources */,
				B1402C5B2C87446F00317EA7 /* BackgroundImageView.swift in Sources */,
				B101ACF72C899E44003A5477 /* CheckBoxStyle.swift in Sources */,
				B15990AD2C495CC60009608F /* DevoteApp.swift in Sources */,
				B1F09CC22C8B965C006FF802 /* SoundPlayer.swift in Sources */,
				B1C4D3D62C879061000F498F /* NewTaskItemView.swift in Sources */,
			);
			runOnlyForDeploymentPostprocessing = 0;
		};
		B19342882C8C3732008AD456 /* Sources */ = {
			isa = PBXSourcesBuildPhase;
			buildActionMask = 2147483647;
			files = (
				B19342A22C8C3E84008AD456 /* Formatter.swift in Sources */,
				B19342962C8C3732008AD456 /* DevoteWidget.swift in Sources */,
				B19342942C8C3732008AD456 /* DevoteWidgetBundle.swift in Sources */,
			);
			runOnlyForDeploymentPostprocessing = 0;
		};
/* End PBXSourcesBuildPhase section */

/* Begin PBXTargetDependency section */
		B193429B2C8C3733008AD456 /* PBXTargetDependency */ = {
			isa = PBXTargetDependency;
			target = B193428B2C8C3732008AD456 /* DevoteWidgetExtension */;
			targetProxy = B193429A2C8C3733008AD456 /* PBXContainerItemProxy */;
		};
/* End PBXTargetDependency section */

/* Begin XCBuildConfiguration section */
		B15990BA2C495CC80009608F /* Debug */ = {
			isa = XCBuildConfiguration;
			buildSettings = {
				ALWAYS_SEARCH_USER_PATHS = NO;
				ASSETCATALOG_COMPILER_GENERATE_SWIFT_ASSET_SYMBOL_EXTENSIONS = YES;
				CLANG_ANALYZER_NONNULL = YES;
				CLANG_ANALYZER_NUMBER_OBJECT_CONVERSION = YES_AGGRESSIVE;
				CLANG_CXX_LANGUAGE_STANDARD = "gnu++20";
				CLANG_ENABLE_MODULES = YES;
				CLANG_ENABLE_OBJC_ARC = YES;
				CLANG_ENABLE_OBJC_WEAK = YES;
				CLANG_WARN_BLOCK_CAPTURE_AUTORELEASING = YES;
				CLANG_WARN_BOOL_CONVERSION = YES;
				CLANG_WARN_COMMA = YES;
				CLANG_WARN_CONSTANT_CONVERSION = YES;
				CLANG_WARN_DEPRECATED_OBJC_IMPLEMENTATIONS = YES;
				CLANG_WARN_DIRECT_OBJC_ISA_USAGE = YES_ERROR;
				CLANG_WARN_DOCUMENTATION_COMMENTS = YES;
				CLANG_WARN_EMPTY_BODY = YES;
				CLANG_WARN_ENUM_CONVERSION = YES;
				CLANG_WARN_INFINITE_RECURSION = YES;
				CLANG_WARN_INT_CONVERSION = YES;
				CLANG_WARN_NON_LITERAL_NULL_CONVERSION = YES;
				CLANG_WARN_OBJC_IMPLICIT_RETAIN_SELF = YES;
				CLANG_WARN_OBJC_LITERAL_CONVERSION = YES;
				CLANG_WARN_OBJC_ROOT_CLASS = YES_ERROR;
				CLANG_WARN_QUOTED_INCLUDE_IN_FRAMEWORK_HEADER = YES;
				CLANG_WARN_RANGE_LOOP_ANALYSIS = YES;
				CLANG_WARN_STRICT_PROTOTYPES = YES;
				CLANG_WARN_SUSPICIOUS_MOVE = YES;
				CLANG_WARN_UNGUARDED_AVAILABILITY = YES_AGGRESSIVE;
				CLANG_WARN_UNREACHABLE_CODE = YES;
				CLANG_WARN__DUPLICATE_METHOD_MATCH = YES;
				COPY_PHASE_STRIP = NO;
				DEBUG_INFORMATION_FORMAT = dwarf;
				ENABLE_STRICT_OBJC_MSGSEND = YES;
				ENABLE_TESTABILITY = YES;
				ENABLE_USER_SCRIPT_SANDBOXING = YES;
				GCC_C_LANGUAGE_STANDARD = gnu17;
				GCC_DYNAMIC_NO_PIC = NO;
				GCC_NO_COMMON_BLOCKS = YES;
				GCC_OPTIMIZATION_LEVEL = 0;
				GCC_PREPROCESSOR_DEFINITIONS = (
					"DEBUG=1",
					"$(inherited)",
				);
				GCC_WARN_64_TO_32_BIT_CONVERSION = YES;
				GCC_WARN_ABOUT_RETURN_TYPE = YES_ERROR;
				GCC_WARN_UNDECLARED_SELECTOR = YES;
				GCC_WARN_UNINITIALIZED_AUTOS = YES_AGGRESSIVE;
				GCC_WARN_UNUSED_FUNCTION = YES;
				GCC_WARN_UNUSED_VARIABLE = YES;
				IPHONEOS_DEPLOYMENT_TARGET = 17.5;
				LOCALIZATION_PREFERS_STRING_CATALOGS = YES;
				MTL_ENABLE_DEBUG_INFO = INCLUDE_SOURCE;
				MTL_FAST_MATH = YES;
				ONLY_ACTIVE_ARCH = YES;
				SDKROOT = iphoneos;
				SWIFT_ACTIVE_COMPILATION_CONDITIONS = "DEBUG $(inherited)";
				SWIFT_OPTIMIZATION_LEVEL = "-Onone";
			};
			name = Debug;
		};
		B15990BB2C495CC80009608F /* Release */ = {
			isa = XCBuildConfiguration;
			buildSettings = {
				ALWAYS_SEARCH_USER_PATHS = NO;
				ASSETCATALOG_COMPILER_GENERATE_SWIFT_ASSET_SYMBOL_EXTENSIONS = YES;
				CLANG_ANALYZER_NONNULL = YES;
				CLANG_ANALYZER_NUMBER_OBJECT_CONVERSION = YES_AGGRESSIVE;
				CLANG_CXX_LANGUAGE_STANDARD = "gnu++20";
				CLANG_ENABLE_MODULES = YES;
				CLANG_ENABLE_OBJC_ARC = YES;
				CLANG_ENABLE_OBJC_WEAK = YES;
				CLANG_WARN_BLOCK_CAPTURE_AUTORELEASING = YES;
				CLANG_WARN_BOOL_CONVERSION = YES;
				CLANG_WARN_COMMA = YES;
				CLANG_WARN_CONSTANT_CONVERSION = YES;
				CLANG_WARN_DEPRECATED_OBJC_IMPLEMENTATIONS = YES;
				CLANG_WARN_DIRECT_OBJC_ISA_USAGE = YES_ERROR;
				CLANG_WARN_DOCUMENTATION_COMMENTS = YES;
				CLANG_WARN_EMPTY_BODY = YES;
				CLANG_WARN_ENUM_CONVERSION = YES;
				CLANG_WARN_INFINITE_RECURSION = YES;
				CLANG_WARN_INT_CONVERSION = YES;
				CLANG_WARN_NON_LITERAL_NULL_CONVERSION = YES;
				CLANG_WARN_OBJC_IMPLICIT_RETAIN_SELF = YES;
				CLANG_WARN_OBJC_LITERAL_CONVERSION = YES;
				CLANG_WARN_OBJC_ROOT_CLASS = YES_ERROR;
				CLANG_WARN_QUOTED_INCLUDE_IN_FRAMEWORK_HEADER = YES;
				CLANG_WARN_RANGE_LOOP_ANALYSIS = YES;
				CLANG_WARN_STRICT_PROTOTYPES = YES;
				CLANG_WARN_SUSPICIOUS_MOVE = YES;
				CLANG_WARN_UNGUARDED_AVAILABILITY = YES_AGGRESSIVE;
				CLANG_WARN_UNREACHABLE_CODE = YES;
				CLANG_WARN__DUPLICATE_METHOD_MATCH = YES;
				COPY_PHASE_STRIP = NO;
				DEBUG_INFORMATION_FORMAT = "dwarf-with-dsym";
				ENABLE_NS_ASSERTIONS = NO;
				ENABLE_STRICT_OBJC_MSGSEND = YES;
				ENABLE_USER_SCRIPT_SANDBOXING = YES;
				GCC_C_LANGUAGE_STANDARD = gnu17;
				GCC_NO_COMMON_BLOCKS = YES;
				GCC_WARN_64_TO_32_BIT_CONVERSION = YES;
				GCC_WARN_ABOUT_RETURN_TYPE = YES_ERROR;
				GCC_WARN_UNDECLARED_SELECTOR = YES;
				GCC_WARN_UNINITIALIZED_AUTOS = YES_AGGRESSIVE;
				GCC_WARN_UNUSED_FUNCTION = YES;
				GCC_WARN_UNUSED_VARIABLE = YES;
				IPHONEOS_DEPLOYMENT_TARGET = 17.5;
				LOCALIZATION_PREFERS_STRING_CATALOGS = YES;
				MTL_ENABLE_DEBUG_INFO = NO;
				MTL_FAST_MATH = YES;
				SDKROOT = iphoneos;
				SWIFT_COMPILATION_MODE = wholemodule;
				VALIDATE_PRODUCT = YES;
			};
			name = Release;
		};
		B15990BD2C495CC80009608F /* Debug */ = {
			isa = XCBuildConfiguration;
			buildSettings = {
				ALWAYS_EMBED_SWIFT_STANDARD_LIBRARIES = YES;
				ASSETCATALOG_COMPILER_APPICON_NAME = AppIcon;
				ASSETCATALOG_COMPILER_GLOBAL_ACCENT_COLOR_NAME = AccentColor;
				CODE_SIGN_STYLE = Automatic;
				CURRENT_PROJECT_VERSION = 1;
				DEVELOPMENT_ASSET_PATHS = "\"Devote/Preview Content\"";
				DEVELOPMENT_TEAM = 6VJYRLFV75;
				ENABLE_PREVIEWS = YES;
				GENERATE_INFOPLIST_FILE = YES;
				INFOPLIST_FILE = Devote/Info.plist;
				INFOPLIST_KEY_UIApplicationSceneManifest_Generation = YES;
				INFOPLIST_KEY_UIApplicationSupportsIndirectInputEvents = YES;
				INFOPLIST_KEY_UISupportedInterfaceOrientations_iPad = "UIInterfaceOrientationPortrait UIInterfaceOrientationPortraitUpsideDown UIInterfaceOrientationLandscapeLeft UIInterfaceOrientationLandscapeRight";
				INFOPLIST_KEY_UISupportedInterfaceOrientations_iPhone = "UIInterfaceOrientationPortrait UIInterfaceOrientationLandscapeLeft UIInterfaceOrientationLandscapeRight";
				LD_RUNPATH_SEARCH_PATHS = (
					"$(inherited)",
					"@executable_path/Frameworks",
				);
				MARKETING_VERSION = 1.0;
				PRODUCT_BUNDLE_IDENTIFIER = "Anastasiia-Kutniakhova.Devote";
				PRODUCT_NAME = "$(TARGET_NAME)";
				SWIFT_EMIT_LOC_STRINGS = YES;
				SWIFT_VERSION = 5.0;
				TARGETED_DEVICE_FAMILY = "1,2";
			};
			name = Debug;
		};
		B15990BE2C495CC80009608F /* Release */ = {
			isa = XCBuildConfiguration;
			buildSettings = {
				ALWAYS_EMBED_SWIFT_STANDARD_LIBRARIES = YES;
				ASSETCATALOG_COMPILER_APPICON_NAME = AppIcon;
				ASSETCATALOG_COMPILER_GLOBAL_ACCENT_COLOR_NAME = AccentColor;
				CODE_SIGN_STYLE = Automatic;
				CURRENT_PROJECT_VERSION = 1;
				DEVELOPMENT_ASSET_PATHS = "\"Devote/Preview Content\"";
				DEVELOPMENT_TEAM = 6VJYRLFV75;
				ENABLE_PREVIEWS = YES;
				GENERATE_INFOPLIST_FILE = YES;
				INFOPLIST_FILE = Devote/Info.plist;
				INFOPLIST_KEY_UIApplicationSceneManifest_Generation = YES;
				INFOPLIST_KEY_UIApplicationSupportsIndirectInputEvents = YES;
				INFOPLIST_KEY_UISupportedInterfaceOrientations_iPad = "UIInterfaceOrientationPortrait UIInterfaceOrientationPortraitUpsideDown UIInterfaceOrientationLandscapeLeft UIInterfaceOrientationLandscapeRight";
				INFOPLIST_KEY_UISupportedInterfaceOrientations_iPhone = "UIInterfaceOrientationPortrait UIInterfaceOrientationLandscapeLeft UIInterfaceOrientationLandscapeRight";
				LD_RUNPATH_SEARCH_PATHS = (
					"$(inherited)",
					"@executable_path/Frameworks",
				);
				MARKETING_VERSION = 1.0;
				PRODUCT_BUNDLE_IDENTIFIER = "Anastasiia-Kutniakhova.Devote";
				PRODUCT_NAME = "$(TARGET_NAME)";
				SWIFT_EMIT_LOC_STRINGS = YES;
				SWIFT_VERSION = 5.0;
				TARGETED_DEVICE_FAMILY = "1,2";
			};
			name = Release;
		};
		B193429E2C8C3733008AD456 /* Debug */ = {
			isa = XCBuildConfiguration;
			buildSettings = {
				ASSETCATALOG_COMPILER_GLOBAL_ACCENT_COLOR_NAME = AccentColor;
				ASSETCATALOG_COMPILER_WIDGET_BACKGROUND_COLOR_NAME = WidgetBackground;
				CODE_SIGN_STYLE = Automatic;
				CURRENT_PROJECT_VERSION = 1;
				DEVELOPMENT_TEAM = 6VJYRLFV75;
				GENERATE_INFOPLIST_FILE = YES;
				INFOPLIST_FILE = DevoteWidget/Info.plist;
				INFOPLIST_KEY_CFBundleDisplayName = DevoteWidget;
				INFOPLIST_KEY_NSHumanReadableCopyright = "";
				LD_RUNPATH_SEARCH_PATHS = (
					"$(inherited)",
					"@executable_path/Frameworks",
					"@executable_path/../../Frameworks",
				);
				MARKETING_VERSION = 1.0;
				PRODUCT_BUNDLE_IDENTIFIER = "Anastasiia-Kutniakhova.Devote.DevoteWidget";
				PRODUCT_NAME = "$(TARGET_NAME)";
				SKIP_INSTALL = YES;
				SWIFT_EMIT_LOC_STRINGS = YES;
				SWIFT_VERSION = 5.0;
				TARGETED_DEVICE_FAMILY = "1,2";
			};
			name = Debug;
		};
		B193429F2C8C3733008AD456 /* Release */ = {
			isa = XCBuildConfiguration;
			buildSettings = {
				ASSETCATALOG_COMPILER_GLOBAL_ACCENT_COLOR_NAME = AccentColor;
				ASSETCATALOG_COMPILER_WIDGET_BACKGROUND_COLOR_NAME = WidgetBackground;
				CODE_SIGN_STYLE = Automatic;
				CURRENT_PROJECT_VERSION = 1;
				DEVELOPMENT_TEAM = 6VJYRLFV75;
				GENERATE_INFOPLIST_FILE = YES;
				INFOPLIST_FILE = DevoteWidget/Info.plist;
				INFOPLIST_KEY_CFBundleDisplayName = DevoteWidget;
				INFOPLIST_KEY_NSHumanReadableCopyright = "";
				LD_RUNPATH_SEARCH_PATHS = (
					"$(inherited)",
					"@executable_path/Frameworks",
					"@executable_path/../../Frameworks",
				);
				MARKETING_VERSION = 1.0;
				PRODUCT_BUNDLE_IDENTIFIER = "Anastasiia-Kutniakhova.Devote.DevoteWidget";
				PRODUCT_NAME = "$(TARGET_NAME)";
				SKIP_INSTALL = YES;
				SWIFT_EMIT_LOC_STRINGS = YES;
				SWIFT_VERSION = 5.0;
				TARGETED_DEVICE_FAMILY = "1,2";
			};
			name = Release;
		};
/* End XCBuildConfiguration section */

/* Begin XCConfigurationList section */
		B15990A42C495CC60009608F /* Build configuration list for PBXProject "Devote" */ = {
			isa = XCConfigurationList;
			buildConfigurations = (
				B15990BA2C495CC80009608F /* Debug */,
				B15990BB2C495CC80009608F /* Release */,
			);
			defaultConfigurationIsVisible = 0;
			defaultConfigurationName = Release;
		};
		B15990BC2C495CC80009608F /* Build configuration list for PBXNativeTarget "Devote" */ = {
			isa = XCConfigurationList;
			buildConfigurations = (
				B15990BD2C495CC80009608F /* Debug */,
				B15990BE2C495CC80009608F /* Release */,
			);
			defaultConfigurationIsVisible = 0;
			defaultConfigurationName = Release;
		};
		B19342A02C8C3733008AD456 /* Build configuration list for PBXNativeTarget "DevoteWidgetExtension" */ = {
			isa = XCConfigurationList;
			buildConfigurations = (
				B193429E2C8C3733008AD456 /* Debug */,
				B193429F2C8C3733008AD456 /* Release */,
			);
			defaultConfigurationIsVisible = 0;
			defaultConfigurationName = Release;
		};
/* End XCConfigurationList section */

/* Begin XCVersionGroup section */
		B15990B72C495CC80009608F /* Devote.xcdatamodeld */ = {
			isa = XCVersionGroup;
			children = (
				B15990B82C495CC80009608F /* Devote.xcdatamodel */,
			);
			currentVersion = B15990B82C495CC80009608F /* Devote.xcdatamodel */;
			path = Devote.xcdatamodeld;
			sourceTree = "<group>";
			versionGroupType = wrapper.xcdatamodel;
		};
/* End XCVersionGroup section */
	};
	rootObject = B15990A12C495CC60009608F /* Project object */;
}
